
Microsoft Visual Studio Solution File, Format Version 12.00
# Visual Studio Version 16
VisualStudioVersion = 16.0.32602.291
MinimumVisualStudioVersion = 10.0.40219.1
Project("{FAE04EC0-301F-11D3-BF4B-00C04F79EFBC}") = "Tomagachi", "Tomagachi\Tomagachi.csproj", "{707525E6-08EC-4ED3-8AB5-AB35B19302C1}"
EndProject
Global
	GlobalSection(SolutionConfigurationPlatforms) = preSolution
		Debug|Any CPU = Debug|Any CPU
		Release|Any CPU = Release|Any CPU
	EndGlobalSection
	GlobalSection(ProjectConfigurationPlatforms) = postSolution
		{707525E6-08EC-4ED3-8AB5-AB35B19302C1}.Debug|Any CPU.ActiveCfg = Debug|Any CPU
		{707525E6-08EC-4ED3-8AB5-AB35B19302C1}.Debug|Any CPU.Build.0 = Debug|Any CPU
		{707525E6-08EC-4ED3-8AB5-AB35B19302C1}.Release|Any CPU.ActiveCfg = Release|Any CPU
		{707525E6-08EC-4ED3-8AB5-AB35B19302C1}.Release|Any CPU.Build.0 = Release|Any CPU
	EndGlobalSection
	GlobalSection(SolutionProperties) = preSolution
		HideSolutionNode = FALSE
	EndGlobalSection
	GlobalSection(ExtensibilityGlobals) = postSolution
		SolutionGuid = {C8DDD1BB-AFE6-42BC-92AC-F0F40C10D5AF}
	EndGlobalSection
EndGlobal
